// !$*UTF8*$!
{
	archiveVersion = 1;
	classes = {
	};
	objectVersion = 46;
	objects = {

/* Begin PBXBuildFile section */
		94692C291F4C2B3D000AFE8A /* AppDelegate.swift in Sources */ = {isa = PBXBuildFile; fileRef = 94692C281F4C2B3D000AFE8A /* AppDelegate.swift */; };
		94692C2B1F4C2B3D000AFE8A /* ViewController.swift in Sources */ = {isa = PBXBuildFile; fileRef = 94692C2A1F4C2B3D000AFE8A /* ViewController.swift */; };
		94692C2E1F4C2B3D000AFE8A /* Main.storyboard in Resources */ = {isa = PBXBuildFile; fileRef = 94692C2C1F4C2B3D000AFE8A /* Main.storyboard */; };
		94692C301F4C2B3D000AFE8A /* Assets.xcassets in Resources */ = {isa = PBXBuildFile; fileRef = 94692C2F1F4C2B3D000AFE8A /* Assets.xcassets */; };
		94692C331F4C2B3D000AFE8A /* LaunchScreen.storyboard in Resources */ = {isa = PBXBuildFile; fileRef = 94692C311F4C2B3D000AFE8A /* LaunchScreen.storyboard */; };
		94692C3E1F4C2B3D000AFE8A /* project1Tests.swift in Sources */ = {isa = PBXBuildFile; fileRef = 94692C3D1F4C2B3D000AFE8A /* project1Tests.swift */; };
		94692C491F4C2B3D000AFE8A /* project1UITests.swift in Sources */ = {isa = PBXBuildFile; fileRef = 94692C481F4C2B3D000AFE8A /* project1UITests.swift */; };
/* End PBXBuildFile section */

/* Begin PBXContainerItemProxy section */
		94692C3A1F4C2B3D000AFE8A /* PBXContainerItemProxy */ = {
			isa = PBXContainerItemProxy;
			containerPortal = 94692C1D1F4C2B3D000AFE8A /* Project object */;
			proxyType = 1;
			remoteGlobalIDString = 94692C241F4C2B3D000AFE8A;
			remoteInfo = project1;
		};
		94692C451F4C2B3D000AFE8A /* PBXContainerItemProxy */ = {
			isa = PBXContainerItemProxy;
			containerPortal = 94692C1D1F4C2B3D000AFE8A /* Project object */;
			proxyType = 1;
			remoteGlobalIDString = 94692C241F4C2B3D000AFE8A;
			remoteInfo = project1;
		};
/* End PBXContainerItemProxy section */

/* Begin PBXFileReference section */
		94692C251F4C2B3D000AFE8A /* project1.app */ = {isa = PBXFileReference; explicitFileType = wrapper.application; includeInIndex = 0; path = project1.app; sourceTree = BUILT_PRODUCTS_DIR; };
		94692C281F4C2B3D000AFE8A /* AppDelegate.swift */ = {isa = PBXFileReference; lastKnownFileType = sourcecode.swift; path = AppDelegate.swift; sourceTree = "<group>"; };
		94692C2A1F4C2B3D000AFE8A /* ViewController.swift */ = {isa = PBXFileReference; lastKnownFileType = sourcecode.swift; path = ViewController.swift; sourceTree = "<group>"; };
		94692C2D1F4C2B3D000AFE8A /* Base */ = {isa = PBXFileReference; lastKnownFileType = file.storyboard; name = Base; path = Base.lproj/Main.storyboard; sourceTree = "<group>"; };
		94692C2F1F4C2B3D000AFE8A /* Assets.xcassets */ = {isa = PBXFileReference; lastKnownFileType = folder.assetcatalog; path = Assets.xcassets; sourceTree = "<group>"; };
		94692C321F4C2B3D000AFE8A /* Base */ = {isa = PBXFileReference; lastKnownFileType = file.storyboard; name = Base; path = Base.lproj/LaunchScreen.storyboard; sourceTree = "<group>"; };
		94692C341F4C2B3D000AFE8A /* Info.plist */ = {isa = PBXFileReference; lastKnownFileType = text.plist.xml; path = Info.plist; sourceTree = "<group>"; };
		94692C391F4C2B3D000AFE8A /* project1Tests.xctest */ = {isa = PBXFileReference; explicitFileType = wrapper.cfbundle; includeInIndex = 0; path = project1Tests.xctest; sourceTree = BUILT_PRODUCTS_DIR; };
		94692C3D1F4C2B3D000AFE8A /* project1Tests.swift */ = {isa = PBXFileReference; lastKnownFileType = sourcecode.swift; path = project1Tests.swift; sourceTree = "<group>"; };
		94692C3F1F4C2B3D000AFE8A /* Info.plist */ = {isa = PBXFileReference; lastKnownFileType = text.plist.xml; path = Info.plist; sourceTree = "<group>"; };
		94692C441F4C2B3D000AFE8A /* project1UITests.xctest */ = {isa = PBXFileReference; explicitFileType = wrapper.cfbundle; includeInIndex = 0; path = project1UITests.xctest; sourceTree = BUILT_PRODUCTS_DIR; };
		94692C481F4C2B3D000AFE8A /* project1UITests.swift */ = {isa = PBXFileReference; lastKnownFileType = sourcecode.swift; path = project1UITests.swift; sourceTree = "<group>"; };
		94692C4A1F4C2B3D000AFE8A /* Info.plist */ = {isa = PBXFileReference; lastKnownFileType = text.plist.xml; path = Info.plist; sourceTree = "<group>"; };
/* End PBXFileReference section */

/* Begin PBXFrameworksBuildPhase section */
		94692C221F4C2B3D000AFE8A /* Frameworks */ = {
			isa = PBXFrameworksBuildPhase;
			buildActionMask = 2147483647;
			files = (
			);
			runOnlyForDeploymentPostprocessing = 0;
		};
		94692C361F4C2B3D000AFE8A /* Frameworks */ = {
			isa = PBXFrameworksBuildPhase;
			buildActionMask = 2147483647;
			files = (
			);
			runOnlyForDeploymentPostprocessing = 0;
		};
		94692C411F4C2B3D000AFE8A /* Frameworks */ = {
			isa = PBXFrameworksBuildPhase;
			buildActionMask = 2147483647;
			files = (
			);
			runOnlyForDeploymentPostprocessing = 0;
		};
/* End PBXFrameworksBuildPhase section */

/* Begin PBXGroup section */
		94692C1C1F4C2B3D000AFE8A = {
			isa = PBXGroup;
			children = (
				94692C271F4C2B3D000AFE8A /* project1 */,
				94692C3C1F4C2B3D000AFE8A /* project1Tests */,
				94692C471F4C2B3D000AFE8A /* project1UITests */,
				94692C261F4C2B3D000AFE8A /* Products */,
			);
			sourceTree = "<group>";
		};
		94692C261F4C2B3D000AFE8A /* Products */ = {
			isa = PBXGroup;
			children = (
				94692C251F4C2B3D000AFE8A /* project1.app */,
				94692C391F4C2B3D000AFE8A /* project1Tests.xctest */,
				94692C441F4C2B3D000AFE8A /* project1UITests.xctest */,
			);
			name = Products;
			sourceTree = "<group>";
		};
		94692C271F4C2B3D000AFE8A /* project1 */ = {
			isa = PBXGroup;
			children = (
				94692C281F4C2B3D000AFE8A /* AppDelegate.swift */,
				94692C2A1F4C2B3D000AFE8A /* ViewController.swift */,
				94692C2C1F4C2B3D000AFE8A /* Main.storyboard */,
				94692C2F1F4C2B3D000AFE8A /* Assets.xcassets */,
				94692C311F4C2B3D000AFE8A /* LaunchScreen.storyboard */,
				94692C341F4C2B3D000AFE8A /* Info.plist */,
			);
			path = project1;
			sourceTree = "<group>";
		};
		94692C3C1F4C2B3D000AFE8A /* project1Tests */ = {
			isa = PBXGroup;
			children = (
				94692C3D1F4C2B3D000AFE8A /* project1Tests.swift */,
				94692C3F1F4C2B3D000AFE8A /* Info.plist */,
			);
			path = project1Tests;
			sourceTree = "<group>";
		};
		94692C471F4C2B3D000AFE8A /* project1UITests */ = {
			isa = PBXGroup;
			children = (
				94692C481F4C2B3D000AFE8A /* project1UITests.swift */,
				94692C4A1F4C2B3D000AFE8A /* Info.plist */,
			);
			path = project1UITests;
			sourceTree = "<group>";
		};
/* End PBXGroup section */

/* Begin PBXNativeTarget section */
		94692C241F4C2B3D000AFE8A /* project1 */ = {
			isa = PBXNativeTarget;
			buildConfigurationList = 94692C4D1F4C2B3D000AFE8A /* Build configuration list for PBXNativeTarget "project1" */;
			buildPhases = (
				94692C211F4C2B3D000AFE8A /* Sources */,
				94692C221F4C2B3D000AFE8A /* Frameworks */,
				94692C231F4C2B3D000AFE8A /* Resources */,
			);
			buildRules = (
			);
			dependencies = (
			);
			name = project1;
			productName = project1;
			productReference = 94692C251F4C2B3D000AFE8A /* project1.app */;
			productType = "com.apple.product-type.application";
		};
		94692C381F4C2B3D000AFE8A /* project1Tests */ = {
			isa = PBXNativeTarget;
			buildConfigurationList = 94692C501F4C2B3D000AFE8A /* Build configuration list for PBXNativeTarget "project1Tests" */;
			buildPhases = (
				94692C351F4C2B3D000AFE8A /* Sources */,
				94692C361F4C2B3D000AFE8A /* Frameworks */,
				94692C371F4C2B3D000AFE8A /* Resources */,
			);
			buildRules = (
			);
			dependencies = (
				94692C3B1F4C2B3D000AFE8A /* PBXTargetDependency */,
			);
			name = project1Tests;
			productName = project1Tests;
			productReference = 94692C391F4C2B3D000AFE8A /* project1Tests.xctest */;
			productType = "com.apple.product-type.bundle.unit-test";
		};
		94692C431F4C2B3D000AFE8A /* project1UITests */ = {
			isa = PBXNativeTarget;
			buildConfigurationList = 94692C531F4C2B3D000AFE8A /* Build configuration list for PBXNativeTarget "project1UITests" */;
			buildPhases = (
				94692C401F4C2B3D000AFE8A /* Sources */,
				94692C411F4C2B3D000AFE8A /* Frameworks */,
				94692C421F4C2B3D000AFE8A /* Resources */,
			);
			buildRules = (
			);
			dependencies = (
				94692C461F4C2B3D000AFE8A /* PBXTargetDependency */,
			);
			name = project1UITests;
			productName = project1UITests;
			productReference = 94692C441F4C2B3D000AFE8A /* project1UITests.xctest */;
			productType = "com.apple.product-type.bundle.ui-testing";
		};
/* End PBXNativeTarget section */

/* Begin PBXProject section */
		94692C1D1F4C2B3D000AFE8A /* Project object */ = {
			isa = PBXProject;
			attributes = {
				LastSwiftUpdateCheck = 0830;
				LastUpgradeCheck = 0830;
				ORGANIZATIONNAME = ASong;
				TargetAttributes = {
					94692C241F4C2B3D000AFE8A = {
						CreatedOnToolsVersion = 8.3.3;
						DevelopmentTeam = 8PEQH3W9G6;
						ProvisioningStyle = Automatic;
					};
					94692C381F4C2B3D000AFE8A = {
						CreatedOnToolsVersion = 8.3.3;
						DevelopmentTeam = 8PEQH3W9G6;
						ProvisioningStyle = Automatic;
						TestTargetID = 94692C241F4C2B3D000AFE8A;
					};
					94692C431F4C2B3D000AFE8A = {
						CreatedOnToolsVersion = 8.3.3;
						DevelopmentTeam = 8PEQH3W9G6;
						ProvisioningStyle = Automatic;
						TestTargetID = 94692C241F4C2B3D000AFE8A;
					};
				};
			};
			buildConfigurationList = 94692C201F4C2B3D000AFE8A /* Build configuration list for PBXProject "project1" */;
			compatibilityVersion = "Xcode 3.2";
			developmentRegion = English;
			hasScannedForEncodings = 0;
			knownRegions = (
				en,
				Base,
			);
			mainGroup = 94692C1C1F4C2B3D000AFE8A;
			productRefGroup = 94692C261F4C2B3D000AFE8A /* Products */;
			projectDirPath = "";
			projectRoot = "";
			targets = (
				94692C241F4C2B3D000AFE8A /* project1 */,
				94692C381F4C2B3D000AFE8A /* project1Tests */,
				94692C431F4C2B3D000AFE8A /* project1UITests */,
			);
		};
/* End PBXProject section */

/* Begin PBXResourcesBuildPhase section */
		94692C231F4C2B3D000AFE8A /* Resources */ = {
			isa = PBXResourcesBuildPhase;
			buildActionMask = 2147483647;
			files = (
				94692C331F4C2B3D000AFE8A /* LaunchScreen.storyboard in Resources */,
				94692C301F4C2B3D000AFE8A /* Assets.xcassets in Resources */,
				94692C2E1F4C2B3D000AFE8A /* Main.storyboard in Resources */,
			);
			runOnlyForDeploymentPostprocessing = 0;
		};
		94692C371F4C2B3D000AFE8A /* Resources */ = {
			isa = PBXResourcesBuildPhase;
			buildActionMask = 2147483647;
			files = (
			);
			runOnlyForDeploymentPostprocessing = 0;
		};
		94692C421F4C2B3D000AFE8A /* Resources */ = {
			isa = PBXResourcesBuildPhase;
			buildActionMask = 2147483647;
			files = (
			);
			runOnlyForDeploymentPostprocessing = 0;
		};
/* End PBXResourcesBuildPhase section */

/* Begin PBXSourcesBuildPhase section */
		94692C211F4C2B3D000AFE8A /* Sources */ = {
			isa = PBXSourcesBuildPhase;
			buildActionMask = 2147483647;
			files = (
				94692C2B1F4C2B3D000AFE8A /* ViewController.swift in Sources */,
				94692C291F4C2B3D000AFE8A /* AppDelegate.swift in Sources */,
			);
			runOnlyForDeploymentPostprocessing = 0;
		};
		94692C351F4C2B3D000AFE8A /* Sources */ = {
			isa = PBXSourcesBuildPhase;
			buildActionMask = 2147483647;
			files = (
				94692C3E1F4C2B3D000AFE8A /* project1Tests.swift in Sources */,
			);
			runOnlyForDeploymentPostprocessing = 0;
		};
		94692C401F4C2B3D000AFE8A /* Sources */ = {
			isa = PBXSourcesBuildPhase;
			buildActionMask = 2147483647;
			files = (
				94692C491F4C2B3D000AFE8A /* project1UITests.swift in Sources */,
			);
			runOnlyForDeploymentPostprocessing = 0;
		};
/* End PBXSourcesBuildPhase section */

/* Begin PBXTargetDependency section */
		94692C3B1F4C2B3D000AFE8A /* PBXTargetDependency */ = {
			isa = PBXTargetDependency;
			target = 94692C241F4C2B3D000AFE8A /* project1 */;
			targetProxy = 94692C3A1F4C2B3D000AFE8A /* PBXContainerItemProxy */;
		};
		94692C461F4C2B3D000AFE8A /* PBXTargetDependency */ = {
			isa = PBXTargetDependency;
			target = 94692C241F4C2B3D000AFE8A /* project1 */;
			targetProxy = 94692C451F4C2B3D000AFE8A /* PBXContainerItemProxy */;
		};
/* End PBXTargetDependency section */

/* Begin PBXVariantGroup section */
		94692C2C1F4C2B3D000AFE8A /* Main.storyboard */ = {
			isa = PBXVariantGroup;
			children = (
				94692C2D1F4C2B3D000AFE8A /* Base */,
			);
			name = Main.storyboard;
			sourceTree = "<group>";
		};
		94692C311F4C2B3D000AFE8A /* LaunchScreen.storyboard */ = {
			isa = PBXVariantGroup;
			children = (
				94692C321F4C2B3D000AFE8A /* Base */,
			);
			name = LaunchScreen.storyboard;
			sourceTree = "<group>";
		};
/* End PBXVariantGroup section */

/* Begin XCBuildConfiguration section */
		94692C4B1F4C2B3D000AFE8A /* Debug */ = {
			isa = XCBuildConfiguration;
			buildSettings = {
				ALWAYS_SEARCH_USER_PATHS = NO;
				CLANG_ANALYZER_NONNULL = YES;
				CLANG_ANALYZER_NUMBER_OBJECT_CONVERSION = YES_AGGRESSIVE;
				CLANG_CXX_LANGUAGE_STANDARD = "gnu++0x";
				CLANG_CXX_LIBRARY = "libc++";
				CLANG_ENABLE_MODULES = YES;
				CLANG_ENABLE_OBJC_ARC = YES;
				CLANG_WARN_BOOL_CONVERSION = YES;
				CLANG_WARN_CONSTANT_CONVERSION = YES;
				CLANG_WARN_DIRECT_OBJC_ISA_USAGE = YES_ERROR;
				CLANG_WARN_DOCUMENTATION_COMMENTS = YES;
				CLANG_WARN_EMPTY_BODY = YES;
				CLANG_WARN_ENUM_CONVERSION = YES;
				CLANG_WARN_INFINITE_RECURSION = YES;
				CLANG_WARN_INT_CONVERSION = YES;
				CLANG_WARN_OBJC_ROOT_CLASS = YES_ERROR;
				CLANG_WARN_SUSPICIOUS_MOVE = YES;
				CLANG_WARN_UNREACHABLE_CODE = YES;
				CLANG_WARN__DUPLICATE_METHOD_MATCH = YES;
				"CODE_SIGN_IDENTITY[sdk=iphoneos*]" = "iPhone Developer";
				COPY_PHASE_STRIP = NO;
				DEBUG_INFORMATION_FORMAT = dwarf;
				ENABLE_STRICT_OBJC_MSGSEND = YES;
				ENABLE_TESTABILITY = YES;
				GCC_C_LANGUAGE_STANDARD = gnu99;
				GCC_DYNAMIC_NO_PIC = NO;
				GCC_NO_COMMON_BLOCKS = YES;
				GCC_OPTIMIZATION_LEVEL = 0;
				GCC_PREPROCESSOR_DEFINITIONS = (
					"DEBUG=1",
					"$(inherited)",
				);
				GCC_WARN_64_TO_32_BIT_CONVERSION = YES;
				GCC_WARN_ABOUT_RETURN_TYPE = YES_ERROR;
				GCC_WARN_UNDECLARED_SELECTOR = YES;
				GCC_WARN_UNINITIALIZED_AUTOS = YES_AGGRESSIVE;
				GCC_WARN_UNUSED_FUNCTION = YES;
				GCC_WARN_UNUSED_VARIABLE = YES;
				IPHONEOS_DEPLOYMENT_TARGET = 10.3;
				MTL_ENABLE_DEBUG_INFO = YES;
				ONLY_ACTIVE_ARCH = YES;
				SDKROOT = iphoneos;
				SWIFT_ACTIVE_COMPILATION_CONDITIONS = DEBUG;
				SWIFT_OPTIMIZATION_LEVEL = "-Onone";
				TARGETED_DEVICE_FAMILY = "1,2";
			};
			name = Debug;
		};
		94692C4C1F4C2B3D000AFE8A /* Release */ = {
			isa = XCBuildConfiguration;
			buildSettings = {
				ALWAYS_SEARCH_USER_PATHS = NO;
				CLANG_ANALYZER_NONNULL = YES;
				CLANG_ANALYZER_NUMBER_OBJECT_CONVERSION = YES_AGGRESSIVE;
				CLANG_CXX_LANGUAGE_STANDARD = "gnu++0x";
				CLANG_CXX_LIBRARY = "libc++";
				CLANG_ENABLE_MODULES = YES;
				CLANG_ENABLE_OBJC_ARC = YES;
				CLANG_WARN_BOOL_CONVERSION = YES;
				CLANG_WARN_CONSTANT_CONVERSION = YES;
				CLANG_WARN_DIRECT_OBJC_ISA_USAGE = YES_ERROR;
				CLANG_WARN_DOCUMENTATION_COMMENTS = YES;
				CLANG_WARN_EMPTY_BODY = YES;
				CLANG_WARN_ENUM_CONVERSION = YES;
				CLANG_WARN_INFINITE_RECURSION = YES;
				CLANG_WARN_INT_CONVERSION = YES;
				CLANG_WARN_OBJC_ROOT_CLASS = YES_ERROR;
				CLANG_WARN_SUSPICIOUS_MOVE = YES;
				CLANG_WARN_UNREACHABLE_CODE = YES;
				CLANG_WARN__DUPLICATE_METHOD_MATCH = YES;
				"CODE_SIGN_IDENTITY[sdk=iphoneos*]" = "iPhone Developer";
				COPY_PHASE_STRIP = NO;
				DEBUG_INFORMATION_FORMAT = "dwarf-with-dsym";
				ENABLE_NS_ASSERTIONS = NO;
				ENABLE_STRICT_OBJC_MSGSEND = YES;
				GCC_C_LANGUAGE_STANDARD = gnu99;
				GCC_NO_COMMON_BLOCKS = YES;
				GCC_WARN_64_TO_32_BIT_CONVERSION = YES;
				GCC_WARN_ABOUT_RETURN_TYPE = YES_ERROR;
				GCC_WARN_UNDECLARED_SELECTOR = YES;
				GCC_WARN_UNINITIALIZED_AUTOS = YES_AGGRESSIVE;
				GCC_WARN_UNUSED_FUNCTION = YES;
				GCC_WARN_UNUSED_VARIABLE = YES;
				IPHONEOS_DEPLOYMENT_TARGET = 10.3;
				MTL_ENABLE_DEBUG_INFO = NO;
				SDKROOT = iphoneos;
				SWIFT_OPTIMIZATION_LEVEL = "-Owholemodule";
				TARGETED_DEVICE_FAMILY = "1,2";
				VALIDATE_PRODUCT = YES;
			};
			name = Release;
		};
		94692C4E1F4C2B3D000AFE8A /* Debug */ = {
			isa = XCBuildConfiguration;
			buildSettings = {
				ASSETCATALOG_COMPILER_APPICON_NAME = AppIcon;
				DEVELOPMENT_TEAM = 8PEQH3W9G6;
				INFOPLIST_FILE = project1/Info.plist;
				LD_RUNPATH_SEARCH_PATHS = "$(inherited) @executable_path/Frameworks";
				PRODUCT_BUNDLE_IDENTIFIER = ASong.project1;
				PRODUCT_NAME = "$(TARGET_NAME)";
				SWIFT_VERSION = 3.0;
			};
			name = Debug;
		};
		94692C4F1F4C2B3D000AFE8A /* Release */ = {
			isa = XCBuildConfiguration;
			buildSettings = {
				ASSETCATALOG_COMPILER_APPICON_NAME = AppIcon;
				DEVELOPMENT_TEAM = 8PEQH3W9G6;
				INFOPLIST_FILE = project1/Info.plist;
				LD_RUNPATH_SEARCH_PATHS = "$(inherited) @executable_path/Frameworks";
				PRODUCT_BUNDLE_IDENTIFIER = ASong.project1;
				PRODUCT_NAME = "$(TARGET_NAME)";
				SWIFT_VERSION = 3.0;
			};
			name = Release;
		};
		94692C511F4C2B3D000AFE8A /* Debug */ = {
			isa = XCBuildConfiguration;
			buildSettings = {
				ALWAYS_EMBED_SWIFT_STANDARD_LIBRARIES = YES;
				BUNDLE_LOADER = "$(TEST_HOST)";
				DEVELOPMENT_TEAM = 8PEQH3W9G6;
				INFOPLIST_FILE = project1Tests/Info.plist;
				LD_RUNPATH_SEARCH_PATHS = "$(inherited) @executable_path/Frameworks @loader_path/Frameworks";
				PRODUCT_BUNDLE_IDENTIFIER = ASong.project1Tests;
				PRODUCT_NAME = "$(TARGET_NAME)";
				SWIFT_VERSION = 3.0;
				TEST_HOST = "$(BUILT_PRODUCTS_DIR)/project1.app/project1";
			};
			name = Debug;
		};
		94692C521F4C2B3D000AFE8A /* Release */ = {
			isa = XCBuildConfiguration;
			buildSettings = {
				ALWAYS_EMBED_SWIFT_STANDARD_LIBRARIES = YES;
				BUNDLE_LOADER = "$(TEST_HOST)";
				DEVELOPMENT_TEAM = 8PEQH3W9G6;
				INFOPLIST_FILE = project1Tests/Info.plist;
				LD_RUNPATH_SEARCH_PATHS = "$(inherited) @executable_path/Frameworks @loader_path/Frameworks";
				PRODUCT_BUNDLE_IDENTIFIER = ASong.project1Tests;
				PRODUCT_NAME = "$(TARGET_NAME)";
				SWIFT_VERSION = 3.0;
				TEST_HOST = "$(BUILT_PRODUCTS_DIR)/project1.app/project1";
			};
			name = Release;
		};
		94692C541F4C2B3D000AFE8A /* Debug */ = {
			isa = XCBuildConfiguration;
			buildSettings = {
				ALWAYS_EMBED_SWIFT_STANDARD_LIBRARIES = YES;
				DEVELOPMENT_TEAM = 8PEQH3W9G6;
				INFOPLIST_FILE = project1UITests/Info.plist;
				LD_RUNPATH_SEARCH_PATHS = "$(inherited) @executable_path/Frameworks @loader_path/Frameworks";
				PRODUCT_BUNDLE_IDENTIFIER = ASong.project1UITests;
				PRODUCT_NAME = "$(TARGET_NAME)";
				SWIFT_VERSION = 3.0;
				TEST_TARGET_NAME = project1;
			};
			name = Debug;
		};
		94692C551F4C2B3D000AFE8A /* Release */ = {
			isa = XCBuildConfiguration;
			buildSettings = {
				ALWAYS_EMBED_SWIFT_STANDARD_LIBRARIES = YES;
				DEVELOPMENT_TEAM = 8PEQH3W9G6;
				INFOPLIST_FILE = project1UITests/Info.plist;
				LD_RUNPATH_SEARCH_PATHS = "$(inherited) @executable_path/Frameworks @loader_path/Frameworks";
				PRODUCT_BUNDLE_IDENTIFIER = ASong.project1UITests;
				PRODUCT_NAME = "$(TARGET_NAME)";
				SWIFT_VERSION = 3.0;
				TEST_TARGET_NAME = project1;
			};
			name = Release;
		};
/* End XCBuildConfiguration section */

/* Begin XCConfigurationList section */
		94692C201F4C2B3D000AFE8A /* Build configuration list for PBXProject "project1" */ = {
			isa = XCConfigurationList;
			buildConfigurations = (
				94692C4B1F4C2B3D000AFE8A /* Debug */,
				94692C4C1F4C2B3D000AFE8A /* Release */,
			);
			defaultConfigurationIsVisible = 0;
			defaultConfigurationName = Release;
		};
		94692C4D1F4C2B3D000AFE8A /* Build configuration list for PBXNativeTarget "project1" */ = {
			isa = XCConfigurationList;
			buildConfigurations = (
				94692C4E1F4C2B3D000AFE8A /* Debug */,
				94692C4F1F4C2B3D000AFE8A /* Release */,
			);
			defaultConfigurationIsVisible = 0;
		};
		94692C501F4C2B3D000AFE8A /* Build configuration list for PBXNativeTarget "project1Tests" */ = {
			isa = XCConfigurationList;
			buildConfigurations = (
				94692C511F4C2B3D000AFE8A /* Debug */,
				94692C521F4C2B3D000AFE8A /* Release */,
			);
			defaultConfigurationIsVisible = 0;
		};
		94692C531F4C2B3D000AFE8A /* Build configuration list for PBXNativeTarget "project1UITests" */ = {
			isa = XCConfigurationList;
			buildConfigurations = (
				94692C541F4C2B3D000AFE8A /* Debug */,
				94692C551F4C2B3D000AFE8A /* Release */,
			);
			defaultConfigurationIsVisible = 0;
		};
/* End XCConfigurationList section */
	};
	rootObject = 94692C1D1F4C2B3D000AFE8A /* Project object */;
}
